
Microsoft Visual Studio Solution File, Format Version 12.00
# Visual Studio 15
VisualStudioVersion = 15.0.28307.329
MinimumVisualStudioVersion = 10.0.40219.1
Project("{2150E333-8FDC-42A3-9474-1A3956D46DE8}") = "samples", "samples", "{CDBA3B59-4C15-4C3D-8C94-481C1BC997D7}"
EndProject
Project("{FAE04EC0-301F-11D3-BF4B-00C04F79EFBC}") = "RimDev.AspNet.Diagnostics.HealthChecks", "src\RimDev.AspNet.Diagnostics.HealthChecks\RimDev.AspNet.Diagnostics.HealthChecks.csproj", "{5BA7DA7C-BF46-4064-AB4F-50F4165E70F3}"
EndProject
Project("{FAE04EC0-301F-11D3-BF4B-00C04F79EFBC}") = "MvcSample", "samples\MvcSample\MvcSample.csproj", "{E15E45A5-9CF2-4C95-ABCE-3E21C558BF8C}"
EndProject
Global
	GlobalSection(SolutionConfigurationPlatforms) = preSolution
		Debug|Any CPU = Debug|Any CPU
		Release|Any CPU = Release|Any CPU
	EndGlobalSection
	GlobalSection(ProjectConfigurationPlatforms) = postSolution
		{5BA7DA7C-BF46-4064-AB4F-50F4165E70F3}.Debug|Any CPU.ActiveCfg = Debug|Any CPU
		{5BA7DA7C-BF46-4064-AB4F-50F4165E70F3}.Debug|Any CPU.Build.0 = Debug|Any CPU
		{5BA7DA7C-BF46-4064-AB4F-50F4165E70F3}.Release|Any CPU.ActiveCfg = Release|Any CPU
		{5BA7DA7C-BF46-4064-AB4F-50F4165E70F3}.Release|Any CPU.Build.0 = Release|Any CPU
		{E15E45A5-9CF2-4C95-ABCE-3E21C558BF8C}.Debug|Any CPU.ActiveCfg = Debug|Any CPU
		{E15E45A5-9CF2-4C95-ABCE-3E21C558BF8C}.Debug|Any CPU.Build.0 = Debug|Any CPU
		{E15E45A5-9CF2-4C95-ABCE-3E21C558BF8C}.Release|Any CPU.ActiveCfg = Release|Any CPU
		{E15E45A5-9CF2-4C95-ABCE-3E21C558BF8C}.Release|Any CPU.Build.0 = Release|Any CPU
	EndGlobalSection
	GlobalSection(SolutionProperties) = preSolution
		HideSolutionNode = FALSE
	EndGlobalSection
	GlobalSection(NestedProjects) = preSolution
		{E15E45A5-9CF2-4C95-ABCE-3E21C558BF8C} = {CDBA3B59-4C15-4C3D-8C94-481C1BC997D7}
	EndGlobalSection
	GlobalSection(ExtensibilityGlobals) = postSolution
		SolutionGuid = {54288E7D-5C3D-487E-A7B5-87725FC9FF1E}
	EndGlobalSection
EndGlobal
